
Microsoft Visual Studio Solution File, Format Version 12.00
# Visual Studio Version 17
VisualStudioVersion = 17.2.32630.192
MinimumVisualStudioVersion = 10.0.40219.1
Project("{9A19103F-16F7-4668-BE54-9A1E7A4F7556}") = "SqlClientExtensions", "SqlClientExtensions\SqlClientExtensions.csproj", "{B6D1E13C-319E-4804-A2FA-F06DECA5E9A8}"
EndProject
Project("{FAE04EC0-301F-11D3-BF4B-00C04F79EFBC}") = "TestApi", "TestApi\TestApi.csproj", "{7E4959B0-67B4-4F1A-8451-7A48C9B49F93}"
EndProject
Global
	GlobalSection(SolutionConfigurationPlatforms) = preSolution
		Debug|Any CPU = Debug|Any CPU
		Release|Any CPU = Release|Any CPU
	EndGlobalSection
	GlobalSection(ProjectConfigurationPlatforms) = postSolution
		{B6D1E13C-319E-4804-A2FA-F06DECA5E9A8}.Debug|Any CPU.ActiveCfg = Debug|Any CPU
		{B6D1E13C-319E-4804-A2FA-F06DECA5E9A8}.Debug|Any CPU.Build.0 = Debug|Any CPU
		{B6D1E13C-319E-4804-A2FA-F06DECA5E9A8}.Release|Any CPU.ActiveCfg = Release|Any CPU
		{B6D1E13C-319E-4804-A2FA-F06DECA5E9A8}.Release|Any CPU.Build.0 = Release|Any CPU
		{7E4959B0-67B4-4F1A-8451-7A48C9B49F93}.Debug|Any CPU.ActiveCfg = Debug|Any CPU
		{7E4959B0-67B4-4F1A-8451-7A48C9B49F93}.Debug|Any CPU.Build.0 = Debug|Any CPU
		{7E4959B0-67B4-4F1A-8451-7A48C9B49F93}.Release|Any CPU.ActiveCfg = Release|Any CPU
		{7E4959B0-67B4-4F1A-8451-7A48C9B49F93}.Release|Any CPU.Build.0 = Release|Any CPU
	EndGlobalSection
	GlobalSection(SolutionProperties) = preSolution
		HideSolutionNode = FALSE
	EndGlobalSection
	GlobalSection(ExtensibilityGlobals) = postSolution
		SolutionGuid = {61BF979E-6B93-48B2-9585-5A7A364B9167}
	EndGlobalSection
EndGlobal
